
Microsoft Visual Studio Solution File, Format Version 12.00
# Visual Studio 15
VisualStudioVersion = 15.0.26124.0
MinimumVisualStudioVersion = 15.0.26124.0
Project("{FAE04EC0-301F-11D3-BF4B-00C04F79EFBC}") = "LeanHub.Shared", "LeanHub.Shared\LeanHub.Shared.csproj", "{F8E14DD4-3973-482C-907D-FF95D155D635}"
EndProject
Project("{FAE04EC0-301F-11D3-BF4B-00C04F79EFBC}") = "LeanHub.DAL", "LeanHub.DAL\LeanHub.DAL.csproj", "{59825423-1BA0-4C93-944A-D5325C0DC8F5}"
EndProject
Project("{FAE04EC0-301F-11D3-BF4B-00C04F79EFBC}") = "LeanHub.ApplicationCore", "LeanHub.ApplicationCore\LeanHub.ApplicationCore.csproj", "{AA79535C-4AD9-44D3-A561-DCACF854CEC9}"
EndProject
Project("{FAE04EC0-301F-11D3-BF4B-00C04F79EFBC}") = "LeanHub.Console", "LeanHub.Console\LeanHub.Console.csproj", "{2ACBD017-91A1-4EBA-BE9D-D01D3DBBA837}"
EndProject
Project("{FAE04EC0-301F-11D3-BF4B-00C04F79EFBC}") = "LeanHub.Tests", "LeanHub.Tests\LeanHub.Tests.csproj", "{C8761D60-E511-4406-9298-8E246607C6E7}"
EndProject
Global
	GlobalSection(SolutionConfigurationPlatforms) = preSolution
		Debug|Any CPU = Debug|Any CPU
		Debug|x64 = Debug|x64
		Debug|x86 = Debug|x86
		Release|Any CPU = Release|Any CPU
		Release|x64 = Release|x64
		Release|x86 = Release|x86
	EndGlobalSection
	GlobalSection(SolutionProperties) = preSolution
		HideSolutionNode = FALSE
	EndGlobalSection
	GlobalSection(ProjectConfigurationPlatforms) = postSolution
		{F8E14DD4-3973-482C-907D-FF95D155D635}.Debug|Any CPU.ActiveCfg = Debug|Any CPU
		{F8E14DD4-3973-482C-907D-FF95D155D635}.Debug|Any CPU.Build.0 = Debug|Any CPU
		{F8E14DD4-3973-482C-907D-FF95D155D635}.Debug|x64.ActiveCfg = Debug|Any CPU
		{F8E14DD4-3973-482C-907D-FF95D155D635}.Debug|x64.Build.0 = Debug|Any CPU
		{F8E14DD4-3973-482C-907D-FF95D155D635}.Debug|x86.ActiveCfg = Debug|Any CPU
		{F8E14DD4-3973-482C-907D-FF95D155D635}.Debug|x86.Build.0 = Debug|Any CPU
		{F8E14DD4-3973-482C-907D-FF95D155D635}.Release|Any CPU.ActiveCfg = Release|Any CPU
		{F8E14DD4-3973-482C-907D-FF95D155D635}.Release|Any CPU.Build.0 = Release|Any CPU
		{F8E14DD4-3973-482C-907D-FF95D155D635}.Release|x64.ActiveCfg = Release|Any CPU
		{F8E14DD4-3973-482C-907D-FF95D155D635}.Release|x64.Build.0 = Release|Any CPU
		{F8E14DD4-3973-482C-907D-FF95D155D635}.Release|x86.ActiveCfg = Release|Any CPU
		{F8E14DD4-3973-482C-907D-FF95D155D635}.Release|x86.Build.0 = Release|Any CPU
		{59825423-1BA0-4C93-944A-D5325C0DC8F5}.Debug|Any CPU.ActiveCfg = Debug|Any CPU
		{59825423-1BA0-4C93-944A-D5325C0DC8F5}.Debug|Any CPU.Build.0 = Debug|Any CPU
		{59825423-1BA0-4C93-944A-D5325C0DC8F5}.Debug|x64.ActiveCfg = Debug|Any CPU
		{59825423-1BA0-4C93-944A-D5325C0DC8F5}.Debug|x64.Build.0 = Debug|Any CPU
		{59825423-1BA0-4C93-944A-D5325C0DC8F5}.Debug|x86.ActiveCfg = Debug|Any CPU
		{59825423-1BA0-4C93-944A-D5325C0DC8F5}.Debug|x86.Build.0 = Debug|Any CPU
		{59825423-1BA0-4C93-944A-D5325C0DC8F5}.Release|Any CPU.ActiveCfg = Release|Any CPU
		{59825423-1BA0-4C93-944A-D5325C0DC8F5}.Release|Any CPU.Build.0 = Release|Any CPU
		{59825423-1BA0-4C93-944A-D5325C0DC8F5}.Release|x64.ActiveCfg = Release|Any CPU
		{59825423-1BA0-4C93-944A-D5325C0DC8F5}.Release|x64.Build.0 = Release|Any CPU
		{59825423-1BA0-4C93-944A-D5325C0DC8F5}.Release|x86.ActiveCfg = Release|Any CPU
		{59825423-1BA0-4C93-944A-D5325C0DC8F5}.Release|x86.Build.0 = Release|Any CPU
		{AA79535C-4AD9-44D3-A561-DCACF854CEC9}.Debug|Any CPU.ActiveCfg = Debug|Any CPU
		{AA79535C-4AD9-44D3-A561-DCACF854CEC9}.Debug|Any CPU.Build.0 = Debug|Any CPU
		{AA79535C-4AD9-44D3-A561-DCACF854CEC9}.Debug|x64.ActiveCfg = Debug|Any CPU
		{AA79535C-4AD9-44D3-A561-DCACF854CEC9}.Debug|x64.Build.0 = Debug|Any CPU
		{AA79535C-4AD9-44D3-A561-DCACF854CEC9}.Debug|x86.ActiveCfg = Debug|Any CPU
		{AA79535C-4AD9-44D3-A561-DCACF854CEC9}.Debug|x86.Build.0 = Debug|Any CPU
		{AA79535C-4AD9-44D3-A561-DCACF854CEC9}.Release|Any CPU.ActiveCfg = Release|Any CPU
		{AA79535C-4AD9-44D3-A561-DCACF854CEC9}.Release|Any CPU.Build.0 = Release|Any CPU
		{AA79535C-4AD9-44D3-A561-DCACF854CEC9}.Release|x64.ActiveCfg = Release|Any CPU
		{AA79535C-4AD9-44D3-A561-DCACF854CEC9}.Release|x64.Build.0 = Release|Any CPU
		{AA79535C-4AD9-44D3-A561-DCACF854CEC9}.Release|x86.ActiveCfg = Release|Any CPU
		{AA79535C-4AD9-44D3-A561-DCACF854CEC9}.Release|x86.Build.0 = Release|Any CPU
		{2ACBD017-91A1-4EBA-BE9D-D01D3DBBA837}.Debug|Any CPU.ActiveCfg = Debug|Any CPU
		{2ACBD017-91A1-4EBA-BE9D-D01D3DBBA837}.Debug|Any CPU.Build.0 = Debug|Any CPU
		{2ACBD017-91A1-4EBA-BE9D-D01D3DBBA837}.Debug|x64.ActiveCfg = Debug|Any CPU
		{2ACBD017-91A1-4EBA-BE9D-D01D3DBBA837}.Debug|x64.Build.0 = Debug|Any CPU
		{2ACBD017-91A1-4EBA-BE9D-D01D3DBBA837}.Debug|x86.ActiveCfg = Debug|Any CPU
		{2ACBD017-91A1-4EBA-BE9D-D01D3DBBA837}.Debug|x86.Build.0 = Debug|Any CPU
		{2ACBD017-91A1-4EBA-BE9D-D01D3DBBA837}.Release|Any CPU.ActiveCfg = Release|Any CPU
		{2ACBD017-91A1-4EBA-BE9D-D01D3DBBA837}.Release|Any CPU.Build.0 = Release|Any CPU
		{2ACBD017-91A1-4EBA-BE9D-D01D3DBBA837}.Release|x64.ActiveCfg = Release|Any CPU
		{2ACBD017-91A1-4EBA-BE9D-D01D3DBBA837}.Release|x64.Build.0 = Release|Any CPU
		{2ACBD017-91A1-4EBA-BE9D-D01D3DBBA837}.Release|x86.ActiveCfg = Release|Any CPU
		{2ACBD017-91A1-4EBA-BE9D-D01D3DBBA837}.Release|x86.Build.0 = Release|Any CPU
		{C8761D60-E511-4406-9298-8E246607C6E7}.Debug|Any CPU.ActiveCfg = Debug|Any CPU
		{C8761D60-E511-4406-9298-8E246607C6E7}.Debug|Any CPU.Build.0 = Debug|Any CPU
		{C8761D60-E511-4406-9298-8E246607C6E7}.Debug|x64.ActiveCfg = Debug|Any CPU
		{C8761D60-E511-4406-9298-8E246607C6E7}.Debug|x64.Build.0 = Debug|Any CPU
		{C8761D60-E511-4406-9298-8E246607C6E7}.Debug|x86.ActiveCfg = Debug|Any CPU
		{C8761D60-E511-4406-9298-8E246607C6E7}.Debug|x86.Build.0 = Debug|Any CPU
		{C8761D60-E511-4406-9298-8E246607C6E7}.Release|Any CPU.ActiveCfg = Release|Any CPU
		{C8761D60-E511-4406-9298-8E246607C6E7}.Release|Any CPU.Build.0 = Release|Any CPU
		{C8761D60-E511-4406-9298-8E246607C6E7}.Release|x64.ActiveCfg = Release|Any CPU
		{C8761D60-E511-4406-9298-8E246607C6E7}.Release|x64.Build.0 = Release|Any CPU
		{C8761D60-E511-4406-9298-8E246607C6E7}.Release|x86.ActiveCfg = Release|Any CPU
		{C8761D60-E511-4406-9298-8E246607C6E7}.Release|x86.Build.0 = Release|Any CPU
	EndGlobalSection
EndGlobal
