
Microsoft Visual Studio Solution File, Format Version 12.00
# Visual Studio 15
VisualStudioVersion = 15.0.26124.0
MinimumVisualStudioVersion = 15.0.26124.0
Project("{FAE04EC0-301F-11D3-BF4B-00C04F79EFBC}") = "LeanHub.Shared", "LeanHub.Shared\LeanHub.Shared.csproj", "{417ECA04-2BF7-4F23-A8E2-2BA5C91716FD}"
EndProject
Project("{FAE04EC0-301F-11D3-BF4B-00C04F79EFBC}") = "LeanHub.DAL", "LeanHub.DAL\LeanHub.DAL.csproj", "{4D73042A-B64B-4112-BA0A-A8726B99D41C}"
EndProject
Project("{FAE04EC0-301F-11D3-BF4B-00C04F79EFBC}") = "LeanHub.ApplicationCore", "LeanHub.ApplicationCore\LeanHub.ApplicationCore.csproj", "{11D4F8BF-4268-4AC3-B5A8-50F0505B3956}"
EndProject
Project("{FAE04EC0-301F-11D3-BF4B-00C04F79EFBC}") = "LeanHub.Console", "LeanHub.Console\LeanHub.Console.csproj", "{CEFA0858-BBCF-43CA-B911-708AC479EE50}"
EndProject
Project("{FAE04EC0-301F-11D3-BF4B-00C04F79EFBC}") = "LeanHub.Tests", "LeanHub.Tests\LeanHub.Tests.csproj", "{5A371752-AB48-4E4B-BA0E-9BB72E6447B6}"
EndProject
Global
	GlobalSection(SolutionConfigurationPlatforms) = preSolution
		Debug|Any CPU = Debug|Any CPU
		Debug|x64 = Debug|x64
		Debug|x86 = Debug|x86
		Release|Any CPU = Release|Any CPU
		Release|x64 = Release|x64
		Release|x86 = Release|x86
	EndGlobalSection
	GlobalSection(SolutionProperties) = preSolution
		HideSolutionNode = FALSE
	EndGlobalSection
	GlobalSection(ProjectConfigurationPlatforms) = postSolution
		{417ECA04-2BF7-4F23-A8E2-2BA5C91716FD}.Debug|Any CPU.ActiveCfg = Debug|Any CPU
		{417ECA04-2BF7-4F23-A8E2-2BA5C91716FD}.Debug|Any CPU.Build.0 = Debug|Any CPU
		{417ECA04-2BF7-4F23-A8E2-2BA5C91716FD}.Debug|x64.ActiveCfg = Debug|Any CPU
		{417ECA04-2BF7-4F23-A8E2-2BA5C91716FD}.Debug|x64.Build.0 = Debug|Any CPU
		{417ECA04-2BF7-4F23-A8E2-2BA5C91716FD}.Debug|x86.ActiveCfg = Debug|Any CPU
		{417ECA04-2BF7-4F23-A8E2-2BA5C91716FD}.Debug|x86.Build.0 = Debug|Any CPU
		{417ECA04-2BF7-4F23-A8E2-2BA5C91716FD}.Release|Any CPU.ActiveCfg = Release|Any CPU
		{417ECA04-2BF7-4F23-A8E2-2BA5C91716FD}.Release|Any CPU.Build.0 = Release|Any CPU
		{417ECA04-2BF7-4F23-A8E2-2BA5C91716FD}.Release|x64.ActiveCfg = Release|Any CPU
		{417ECA04-2BF7-4F23-A8E2-2BA5C91716FD}.Release|x64.Build.0 = Release|Any CPU
		{417ECA04-2BF7-4F23-A8E2-2BA5C91716FD}.Release|x86.ActiveCfg = Release|Any CPU
		{417ECA04-2BF7-4F23-A8E2-2BA5C91716FD}.Release|x86.Build.0 = Release|Any CPU
		{4D73042A-B64B-4112-BA0A-A8726B99D41C}.Debug|Any CPU.ActiveCfg = Debug|Any CPU
		{4D73042A-B64B-4112-BA0A-A8726B99D41C}.Debug|Any CPU.Build.0 = Debug|Any CPU
		{4D73042A-B64B-4112-BA0A-A8726B99D41C}.Debug|x64.ActiveCfg = Debug|Any CPU
		{4D73042A-B64B-4112-BA0A-A8726B99D41C}.Debug|x64.Build.0 = Debug|Any CPU
		{4D73042A-B64B-4112-BA0A-A8726B99D41C}.Debug|x86.ActiveCfg = Debug|Any CPU
		{4D73042A-B64B-4112-BA0A-A8726B99D41C}.Debug|x86.Build.0 = Debug|Any CPU
		{4D73042A-B64B-4112-BA0A-A8726B99D41C}.Release|Any CPU.ActiveCfg = Release|Any CPU
		{4D73042A-B64B-4112-BA0A-A8726B99D41C}.Release|Any CPU.Build.0 = Release|Any CPU
		{4D73042A-B64B-4112-BA0A-A8726B99D41C}.Release|x64.ActiveCfg = Release|Any CPU
		{4D73042A-B64B-4112-BA0A-A8726B99D41C}.Release|x64.Build.0 = Release|Any CPU
		{4D73042A-B64B-4112-BA0A-A8726B99D41C}.Release|x86.ActiveCfg = Release|Any CPU
		{4D73042A-B64B-4112-BA0A-A8726B99D41C}.Release|x86.Build.0 = Release|Any CPU
		{11D4F8BF-4268-4AC3-B5A8-50F0505B3956}.Debug|Any CPU.ActiveCfg = Debug|Any CPU
		{11D4F8BF-4268-4AC3-B5A8-50F0505B3956}.Debug|Any CPU.Build.0 = Debug|Any CPU
		{11D4F8BF-4268-4AC3-B5A8-50F0505B3956}.Debug|x64.ActiveCfg = Debug|Any CPU
		{11D4F8BF-4268-4AC3-B5A8-50F0505B3956}.Debug|x64.Build.0 = Debug|Any CPU
		{11D4F8BF-4268-4AC3-B5A8-50F0505B3956}.Debug|x86.ActiveCfg = Debug|Any CPU
		{11D4F8BF-4268-4AC3-B5A8-50F0505B3956}.Debug|x86.Build.0 = Debug|Any CPU
		{11D4F8BF-4268-4AC3-B5A8-50F0505B3956}.Release|Any CPU.ActiveCfg = Release|Any CPU
		{11D4F8BF-4268-4AC3-B5A8-50F0505B3956}.Release|Any CPU.Build.0 = Release|Any CPU
		{11D4F8BF-4268-4AC3-B5A8-50F0505B3956}.Release|x64.ActiveCfg = Release|Any CPU
		{11D4F8BF-4268-4AC3-B5A8-50F0505B3956}.Release|x64.Build.0 = Release|Any CPU
		{11D4F8BF-4268-4AC3-B5A8-50F0505B3956}.Release|x86.ActiveCfg = Release|Any CPU
		{11D4F8BF-4268-4AC3-B5A8-50F0505B3956}.Release|x86.Build.0 = Release|Any CPU
		{CEFA0858-BBCF-43CA-B911-708AC479EE50}.Debug|Any CPU.ActiveCfg = Debug|Any CPU
		{CEFA0858-BBCF-43CA-B911-708AC479EE50}.Debug|Any CPU.Build.0 = Debug|Any CPU
		{CEFA0858-BBCF-43CA-B911-708AC479EE50}.Debug|x64.ActiveCfg = Debug|Any CPU
		{CEFA0858-BBCF-43CA-B911-708AC479EE50}.Debug|x64.Build.0 = Debug|Any CPU
		{CEFA0858-BBCF-43CA-B911-708AC479EE50}.Debug|x86.ActiveCfg = Debug|Any CPU
		{CEFA0858-BBCF-43CA-B911-708AC479EE50}.Debug|x86.Build.0 = Debug|Any CPU
		{CEFA0858-BBCF-43CA-B911-708AC479EE50}.Release|Any CPU.ActiveCfg = Release|Any CPU
		{CEFA0858-BBCF-43CA-B911-708AC479EE50}.Release|Any CPU.Build.0 = Release|Any CPU
		{CEFA0858-BBCF-43CA-B911-708AC479EE50}.Release|x64.ActiveCfg = Release|Any CPU
		{CEFA0858-BBCF-43CA-B911-708AC479EE50}.Release|x64.Build.0 = Release|Any CPU
		{CEFA0858-BBCF-43CA-B911-708AC479EE50}.Release|x86.ActiveCfg = Release|Any CPU
		{CEFA0858-BBCF-43CA-B911-708AC479EE50}.Release|x86.Build.0 = Release|Any CPU
		{5A371752-AB48-4E4B-BA0E-9BB72E6447B6}.Debug|Any CPU.ActiveCfg = Debug|Any CPU
		{5A371752-AB48-4E4B-BA0E-9BB72E6447B6}.Debug|Any CPU.Build.0 = Debug|Any CPU
		{5A371752-AB48-4E4B-BA0E-9BB72E6447B6}.Debug|x64.ActiveCfg = Debug|Any CPU
		{5A371752-AB48-4E4B-BA0E-9BB72E6447B6}.Debug|x64.Build.0 = Debug|Any CPU
		{5A371752-AB48-4E4B-BA0E-9BB72E6447B6}.Debug|x86.ActiveCfg = Debug|Any CPU
		{5A371752-AB48-4E4B-BA0E-9BB72E6447B6}.Debug|x86.Build.0 = Debug|Any CPU
		{5A371752-AB48-4E4B-BA0E-9BB72E6447B6}.Release|Any CPU.ActiveCfg = Release|Any CPU
		{5A371752-AB48-4E4B-BA0E-9BB72E6447B6}.Release|Any CPU.Build.0 = Release|Any CPU
		{5A371752-AB48-4E4B-BA0E-9BB72E6447B6}.Release|x64.ActiveCfg = Release|Any CPU
		{5A371752-AB48-4E4B-BA0E-9BB72E6447B6}.Release|x64.Build.0 = Release|Any CPU
		{5A371752-AB48-4E4B-BA0E-9BB72E6447B6}.Release|x86.ActiveCfg = Release|Any CPU
		{5A371752-AB48-4E4B-BA0E-9BB72E6447B6}.Release|x86.Build.0 = Release|Any CPU
	EndGlobalSection
EndGlobal
